# This file is automatically @generated by Cargo.
# It is not intended for manual editing.
version = 4

[[package]]
name = "admissionlab-admission"
version = "0.1.0"

[[package]]
name = "admissionlab-cli"
version = "0.1.0"

[[package]]
name = "admissionlab-cluster"
version = "0.1.0"

[[package]]
name = "admissionlab-core"
version = "0.1.0"

[[package]]
name = "admissionlab-diff"
version = "0.1.0"

[[package]]
name = "admissionlab-echo"
version = "0.1.0"

[[package]]
name = "admissionlab-fixtures"
version = "0.1.0"

[[package]]
name = "admissionlab-gateway"
version = "0.1.0"

[[package]]
name = "admissionlab-installer"
version = "0.1.0"

[[package]]
name = "admissionlab-normalize"
version = "0.1.0"

[[package]]
name = "admissionlab-policy"
version = "0.1.0"

[[package]]
name = "admissionlab-recipes"
version = "0.1.0"

[[package]]
name = "admissionlab-report"
version = "0.1.0"

[[package]]
name = "admissionlab-spec"
version = "0.1.0"

[[package]]
name = "admissionlab-test-webhook"
version = "0.1.0"
